// !$*UTF8*$!
{
	archiveVersion = 1;
	classes = {
	};
	objectVersion = 55;
	objects = {

/* Begin PBXBuildFile section */
		185C17692952E61500A625CD /* AnimalDetailView.swift in Sources */ = {isa = PBXBuildFile; fileRef = 185C17682952E61500A625CD /* AnimalDetailView.swift */; };
		185C176B2952E89E00A625CD /* HeadingView.swift in Sources */ = {isa = PBXBuildFile; fileRef = 185C176A2952E89E00A625CD /* HeadingView.swift */; };
		185C176D2952E9B900A625CD /* InsetGalleryView.swift in Sources */ = {isa = PBXBuildFile; fileRef = 185C176C2952E9B900A625CD /* InsetGalleryView.swift */; };
		187254D4295798530084BA75 /* InsetFactView.swift in Sources */ = {isa = PBXBuildFile; fileRef = 187254D3295798530084BA75 /* InsetFactView.swift */; };
		187254D629579A180084BA75 /* InsetMapView.swift in Sources */ = {isa = PBXBuildFile; fileRef = 187254D529579A180084BA75 /* InsetMapView.swift */; };
		187254D829579CBC0084BA75 /* ExternalWebLinkView.swift in Sources */ = {isa = PBXBuildFile; fileRef = 187254D729579CBC0084BA75 /* ExternalWebLinkView.swift */; };
		187254DA2957A3830084BA75 /* VideoModel.swift in Sources */ = {isa = PBXBuildFile; fileRef = 187254D92957A3830084BA75 /* VideoModel.swift */; };
		187254DC2957A3DB0084BA75 /* VideoListItemView.swift in Sources */ = {isa = PBXBuildFile; fileRef = 187254DB2957A3DB0084BA75 /* VideoListItemView.swift */; };
		187254DE2957A8BC0084BA75 /* VideoPlayerView.swift in Sources */ = {isa = PBXBuildFile; fileRef = 187254DD2957A8BC0084BA75 /* VideoPlayerView.swift */; };
		187254E12957A96B0084BA75 /* VideoPlayerHelper.swift in Sources */ = {isa = PBXBuildFile; fileRef = 187254E02957A96B0084BA75 /* VideoPlayerHelper.swift */; };
		187254E3295868F60084BA75 /* LocationModel.swift in Sources */ = {isa = PBXBuildFile; fileRef = 187254E2295868F60084BA75 /* LocationModel.swift */; };
		187254E529586D420084BA75 /* MapAnnotationView.swift in Sources */ = {isa = PBXBuildFile; fileRef = 187254E429586D420084BA75 /* MapAnnotationView.swift */; };
		187254E7295885F90084BA75 /* MotionAnimationView.swift in Sources */ = {isa = PBXBuildFile; fileRef = 187254E6295885F90084BA75 /* MotionAnimationView.swift */; };
		187254E9295892580084BA75 /* AnimalGridItemView.swift in Sources */ = {isa = PBXBuildFile; fileRef = 187254E8295892580084BA75 /* AnimalGridItemView.swift */; };
		18B5DEB1294F26FB00C97886 /* AfricaApp.swift in Sources */ = {isa = PBXBuildFile; fileRef = 18B5DEB0294F26FB00C97886 /* AfricaApp.swift */; };
		18B5DEB3294F26FB00C97886 /* ContentView.swift in Sources */ = {isa = PBXBuildFile; fileRef = 18B5DEB2294F26FB00C97886 /* ContentView.swift */; };
		18B5DEB5294F26FC00C97886 /* Assets.xcassets in Resources */ = {isa = PBXBuildFile; fileRef = 18B5DEB4294F26FC00C97886 /* Assets.xcassets */; };
		18B5DEB8294F26FC00C97886 /* Preview Assets.xcassets in Resources */ = {isa = PBXBuildFile; fileRef = 18B5DEB7294F26FC00C97886 /* Preview Assets.xcassets */; };
		18B5DEC9294F28F400C97886 /* zebra.mp4 in Resources */ = {isa = PBXBuildFile; fileRef = 18B5DEBF294F28F200C97886 /* zebra.mp4 */; };
		18B5DECA294F28F400C97886 /* gorilla.mp4 in Resources */ = {isa = PBXBuildFile; fileRef = 18B5DEC0294F28F200C97886 /* gorilla.mp4 */; };
		18B5DECB294F28F400C97886 /* elephant.mp4 in Resources */ = {isa = PBXBuildFile; fileRef = 18B5DEC1294F28F300C97886 /* elephant.mp4 */; };
		18B5DECC294F28F400C97886 /* lion.mp4 in Resources */ = {isa = PBXBuildFile; fileRef = 18B5DEC2294F28F300C97886 /* lion.mp4 */; };
		18B5DECD294F28F400C97886 /* rhino.mp4 in Resources */ = {isa = PBXBuildFile; fileRef = 18B5DEC3294F28F300C97886 /* rhino.mp4 */; };
		18B5DECE294F28F400C97886 /* ostrich.mp4 in Resources */ = {isa = PBXBuildFile; fileRef = 18B5DEC4294F28F300C97886 /* ostrich.mp4 */; };
		18B5DECF294F28F400C97886 /* cheetah.mp4 in Resources */ = {isa = PBXBuildFile; fileRef = 18B5DEC5294F28F300C97886 /* cheetah.mp4 */; };
		18B5DED0294F28F400C97886 /* lioness.mp4 in Resources */ = {isa = PBXBuildFile; fileRef = 18B5DEC6294F28F400C97886 /* lioness.mp4 */; };
		18B5DED1294F28F400C97886 /* hippo.mp4 in Resources */ = {isa = PBXBuildFile; fileRef = 18B5DEC7294F28F400C97886 /* hippo.mp4 */; };
		18B5DED2294F28F400C97886 /* giraffe.mp4 in Resources */ = {isa = PBXBuildFile; fileRef = 18B5DEC8294F28F400C97886 /* giraffe.mp4 */; };
		18B5DED8294F292F00C97886 /* covers.json in Resources */ = {isa = PBXBuildFile; fileRef = 18B5DED4294F292F00C97886 /* covers.json */; };
		18B5DED9294F292F00C97886 /* locations.json in Resources */ = {isa = PBXBuildFile; fileRef = 18B5DED5294F292F00C97886 /* locations.json */; };
		18B5DEDA294F292F00C97886 /* animals.json in Resources */ = {isa = PBXBuildFile; fileRef = 18B5DED6294F292F00C97886 /* animals.json */; };
		18B5DEDB294F292F00C97886 /* videos.json in Resources */ = {isa = PBXBuildFile; fileRef = 18B5DED7294F292F00C97886 /* videos.json */; };
		18B5DEDF294F2B1600C97886 /* VideoListView.swift in Sources */ = {isa = PBXBuildFile; fileRef = 18B5DEDE294F2B1600C97886 /* VideoListView.swift */; };
		18B5DEE1294F2B2C00C97886 /* MapView.swift in Sources */ = {isa = PBXBuildFile; fileRef = 18B5DEE0294F2B2C00C97886 /* MapView.swift */; };
		18B5DEE3294F2B3D00C97886 /* GalleryView.swift in Sources */ = {isa = PBXBuildFile; fileRef = 18B5DEE2294F2B3D00C97886 /* GalleryView.swift */; };
		18B5DEE5294F2B4F00C97886 /* MainView.swift in Sources */ = {isa = PBXBuildFile; fileRef = 18B5DEE4294F2B4F00C97886 /* MainView.swift */; };
		18B5DEE8294FA3BF00C97886 /* CoverImageView.swift in Sources */ = {isa = PBXBuildFile; fileRef = 18B5DEE7294FA3BF00C97886 /* CoverImageView.swift */; };
		18B5DEEB294FA59F00C97886 /* CoverImageModel.swift in Sources */ = {isa = PBXBuildFile; fileRef = 18B5DEEA294FA59F00C97886 /* CoverImageModel.swift */; };
		18B5DEEE294FA62B00C97886 /* CodableBundleExtension.swift in Sources */ = {isa = PBXBuildFile; fileRef = 18B5DEED294FA62B00C97886 /* CodableBundleExtension.swift */; };
		18FAB3872950E5DE009E3286 /* AnimalListItemView.swift in Sources */ = {isa = PBXBuildFile; fileRef = 18FAB3862950E5DE009E3286 /* AnimalListItemView.swift */; };
		18FAB3892950ED14009E3286 /* AnimalModel.swift in Sources */ = {isa = PBXBuildFile; fileRef = 18FAB3882950ED14009E3286 /* AnimalModel.swift */; };
/* End PBXBuildFile section */

/* Begin PBXFileReference section */
		185C17682952E61500A625CD /* AnimalDetailView.swift */ = {isa = PBXFileReference; lastKnownFileType = sourcecode.swift; path = AnimalDetailView.swift; sourceTree = "<group>"; };
		185C176A2952E89E00A625CD /* HeadingView.swift */ = {isa = PBXFileReference; lastKnownFileType = sourcecode.swift; path = HeadingView.swift; sourceTree = "<group>"; };
		185C176C2952E9B900A625CD /* InsetGalleryView.swift */ = {isa = PBXFileReference; lastKnownFileType = sourcecode.swift; path = InsetGalleryView.swift; sourceTree = "<group>"; };
		187254D3295798530084BA75 /* InsetFactView.swift */ = {isa = PBXFileReference; lastKnownFileType = sourcecode.swift; path = InsetFactView.swift; sourceTree = "<group>"; };
		187254D529579A180084BA75 /* InsetMapView.swift */ = {isa = PBXFileReference; lastKnownFileType = sourcecode.swift; path = InsetMapView.swift; sourceTree = "<group>"; };
		187254D729579CBC0084BA75 /* ExternalWebLinkView.swift */ = {isa = PBXFileReference; lastKnownFileType = sourcecode.swift; path = ExternalWebLinkView.swift; sourceTree = "<group>"; };
		187254D92957A3830084BA75 /* VideoModel.swift */ = {isa = PBXFileReference; lastKnownFileType = sourcecode.swift; path = VideoModel.swift; sourceTree = "<group>"; };
		187254DB2957A3DB0084BA75 /* VideoListItemView.swift */ = {isa = PBXFileReference; lastKnownFileType = sourcecode.swift; path = VideoListItemView.swift; sourceTree = "<group>"; };
		187254DD2957A8BC0084BA75 /* VideoPlayerView.swift */ = {isa = PBXFileReference; lastKnownFileType = sourcecode.swift; path = VideoPlayerView.swift; sourceTree = "<group>"; };
		187254E02957A96B0084BA75 /* VideoPlayerHelper.swift */ = {isa = PBXFileReference; lastKnownFileType = sourcecode.swift; path = VideoPlayerHelper.swift; sourceTree = "<group>"; };
		187254E2295868F60084BA75 /* LocationModel.swift */ = {isa = PBXFileReference; lastKnownFileType = sourcecode.swift; path = LocationModel.swift; sourceTree = "<group>"; };
		187254E429586D420084BA75 /* MapAnnotationView.swift */ = {isa = PBXFileReference; lastKnownFileType = sourcecode.swift; path = MapAnnotationView.swift; sourceTree = "<group>"; };
		187254E6295885F90084BA75 /* MotionAnimationView.swift */ = {isa = PBXFileReference; lastKnownFileType = sourcecode.swift; path = MotionAnimationView.swift; sourceTree = "<group>"; };
		187254E8295892580084BA75 /* AnimalGridItemView.swift */ = {isa = PBXFileReference; lastKnownFileType = sourcecode.swift; path = AnimalGridItemView.swift; sourceTree = "<group>"; };
		18B5DEAD294F26FB00C97886 /* Africa.app */ = {isa = PBXFileReference; explicitFileType = wrapper.application; includeInIndex = 0; path = Africa.app; sourceTree = BUILT_PRODUCTS_DIR; };
		18B5DEB0294F26FB00C97886 /* AfricaApp.swift */ = {isa = PBXFileReference; lastKnownFileType = sourcecode.swift; path = AfricaApp.swift; sourceTree = "<group>"; };
		18B5DEB2294F26FB00C97886 /* ContentView.swift */ = {isa = PBXFileReference; lastKnownFileType = sourcecode.swift; path = ContentView.swift; sourceTree = "<group>"; };
		18B5DEB4294F26FC00C97886 /* Assets.xcassets */ = {isa = PBXFileReference; lastKnownFileType = folder.assetcatalog; path = Assets.xcassets; sourceTree = "<group>"; };
		18B5DEB7294F26FC00C97886 /* Preview Assets.xcassets */ = {isa = PBXFileReference; lastKnownFileType = folder.assetcatalog; path = "Preview Assets.xcassets"; sourceTree = "<group>"; };
		18B5DEBF294F28F200C97886 /* zebra.mp4 */ = {isa = PBXFileReference; lastKnownFileType = file; path = zebra.mp4; sourceTree = "<group>"; };
		18B5DEC0294F28F200C97886 /* gorilla.mp4 */ = {isa = PBXFileReference; lastKnownFileType = file; path = gorilla.mp4; sourceTree = "<group>"; };
		18B5DEC1294F28F300C97886 /* elephant.mp4 */ = {isa = PBXFileReference; lastKnownFileType = file; path = elephant.mp4; sourceTree = "<group>"; };
		18B5DEC2294F28F300C97886 /* lion.mp4 */ = {isa = PBXFileReference; lastKnownFileType = file; path = lion.mp4; sourceTree = "<group>"; };
		18B5DEC3294F28F300C97886 /* rhino.mp4 */ = {isa = PBXFileReference; lastKnownFileType = file; path = rhino.mp4; sourceTree = "<group>"; };
		18B5DEC4294F28F300C97886 /* ostrich.mp4 */ = {isa = PBXFileReference; lastKnownFileType = file; path = ostrich.mp4; sourceTree = "<group>"; };
		18B5DEC5294F28F300C97886 /* cheetah.mp4 */ = {isa = PBXFileReference; lastKnownFileType = file; path = cheetah.mp4; sourceTree = "<group>"; };
		18B5DEC6294F28F400C97886 /* lioness.mp4 */ = {isa = PBXFileReference; lastKnownFileType = file; path = lioness.mp4; sourceTree = "<group>"; };
		18B5DEC7294F28F400C97886 /* hippo.mp4 */ = {isa = PBXFileReference; lastKnownFileType = file; path = hippo.mp4; sourceTree = "<group>"; };
		18B5DEC8294F28F400C97886 /* giraffe.mp4 */ = {isa = PBXFileReference; lastKnownFileType = file; path = giraffe.mp4; sourceTree = "<group>"; };
		18B5DED4294F292F00C97886 /* covers.json */ = {isa = PBXFileReference; fileEncoding = 4; lastKnownFileType = text.json; path = covers.json; sourceTree = "<group>"; };
		18B5DED5294F292F00C97886 /* locations.json */ = {isa = PBXFileReference; fileEncoding = 4; lastKnownFileType = text.json; path = locations.json; sourceTree = "<group>"; };
		18B5DED6294F292F00C97886 /* animals.json */ = {isa = PBXFileReference; fileEncoding = 4; lastKnownFileType = text.json; path = animals.json; sourceTree = "<group>"; };
		18B5DED7294F292F00C97886 /* videos.json */ = {isa = PBXFileReference; fileEncoding = 4; lastKnownFileType = text.json; path = videos.json; sourceTree = "<group>"; };
		18B5DEDC294F29F800C97886 /* Info.plist */ = {isa = PBXFileReference; lastKnownFileType = text.plist; path = Info.plist; sourceTree = "<group>"; };
		18B5DEDE294F2B1600C97886 /* VideoListView.swift */ = {isa = PBXFileReference; lastKnownFileType = sourcecode.swift; path = VideoListView.swift; sourceTree = "<group>"; };
		18B5DEE0294F2B2C00C97886 /* MapView.swift */ = {isa = PBXFileReference; lastKnownFileType = sourcecode.swift; path = MapView.swift; sourceTree = "<group>"; };
		18B5DEE2294F2B3D00C97886 /* GalleryView.swift */ = {isa = PBXFileReference; lastKnownFileType = sourcecode.swift; path = GalleryView.swift; sourceTree = "<group>"; };
		18B5DEE4294F2B4F00C97886 /* MainView.swift */ = {isa = PBXFileReference; lastKnownFileType = sourcecode.swift; path = MainView.swift; sourceTree = "<group>"; };
		18B5DEE7294FA3BF00C97886 /* CoverImageView.swift */ = {isa = PBXFileReference; lastKnownFileType = sourcecode.swift; path = CoverImageView.swift; sourceTree = "<group>"; };
		18B5DEEA294FA59F00C97886 /* CoverImageModel.swift */ = {isa = PBXFileReference; lastKnownFileType = sourcecode.swift; path = CoverImageModel.swift; sourceTree = "<group>"; };
		18B5DEED294FA62B00C97886 /* CodableBundleExtension.swift */ = {isa = PBXFileReference; lastKnownFileType = sourcecode.swift; path = CodableBundleExtension.swift; sourceTree = "<group>"; };
		18FAB3862950E5DE009E3286 /* AnimalListItemView.swift */ = {isa = PBXFileReference; lastKnownFileType = sourcecode.swift; path = AnimalListItemView.swift; sourceTree = "<group>"; };
		18FAB3882950ED14009E3286 /* AnimalModel.swift */ = {isa = PBXFileReference; lastKnownFileType = sourcecode.swift; path = AnimalModel.swift; sourceTree = "<group>"; };
/* End PBXFileReference section */

/* Begin PBXFrameworksBuildPhase section */
		18B5DEAA294F26FB00C97886 /* Frameworks */ = {
			isa = PBXFrameworksBuildPhase;
			buildActionMask = 2147483647;
			files = (
			);
			runOnlyForDeploymentPostprocessing = 0;
		};
/* End PBXFrameworksBuildPhase section */

/* Begin PBXGroup section */
		187254DF2957A9560084BA75 /* Helper */ = {
			isa = PBXGroup;
			children = (
				187254E02957A96B0084BA75 /* VideoPlayerHelper.swift */,
			);
			path = Helper;
			sourceTree = "<group>";
		};
		18B5DEA4294F26FB00C97886 = {
			isa = PBXGroup;
			children = (
				18B5DEAF294F26FB00C97886 /* Africa */,
				18B5DEAE294F26FB00C97886 /* Products */,
			);
			sourceTree = "<group>";
		};
		18B5DEAE294F26FB00C97886 /* Products */ = {
			isa = PBXGroup;
			children = (
				18B5DEAD294F26FB00C97886 /* Africa.app */,
			);
			name = Products;
			sourceTree = "<group>";
		};
		18B5DEAF294F26FB00C97886 /* Africa */ = {
			isa = PBXGroup;
			children = (
				187254DF2957A9560084BA75 /* Helper */,
				18B5DEEC294FA61400C97886 /* Extension */,
				18B5DEE9294FA58C00C97886 /* Model */,
				18B5DEE6294FA3B200C97886 /* View */,
				18B5DEDC294F29F800C97886 /* Info.plist */,
				18B5DED3294F291900C97886 /* Data */,
				18B5DEBE294F28C900C97886 /* Video */,
				18B5DEDD294F2AD600C97886 /* App */,
				18B5DEB4294F26FC00C97886 /* Assets.xcassets */,
				18B5DEB6294F26FC00C97886 /* Preview Content */,
			);
			path = Africa;
			sourceTree = "<group>";
		};
		18B5DEB6294F26FC00C97886 /* Preview Content */ = {
			isa = PBXGroup;
			children = (
				18B5DEB7294F26FC00C97886 /* Preview Assets.xcassets */,
			);
			path = "Preview Content";
			sourceTree = "<group>";
		};
		18B5DEBE294F28C900C97886 /* Video */ = {
			isa = PBXGroup;
			children = (
				18B5DEC5294F28F300C97886 /* cheetah.mp4 */,
				18B5DEC1294F28F300C97886 /* elephant.mp4 */,
				18B5DEC8294F28F400C97886 /* giraffe.mp4 */,
				18B5DEC0294F28F200C97886 /* gorilla.mp4 */,
				18B5DEC7294F28F400C97886 /* hippo.mp4 */,
				18B5DEC2294F28F300C97886 /* lion.mp4 */,
				18B5DEC6294F28F400C97886 /* lioness.mp4 */,
				18B5DEC4294F28F300C97886 /* ostrich.mp4 */,
				18B5DEC3294F28F300C97886 /* rhino.mp4 */,
				18B5DEBF294F28F200C97886 /* zebra.mp4 */,
			);
			path = Video;
			sourceTree = "<group>";
		};
		18B5DED3294F291900C97886 /* Data */ = {
			isa = PBXGroup;
			children = (
				18B5DED6294F292F00C97886 /* animals.json */,
				18B5DED4294F292F00C97886 /* covers.json */,
				18B5DED5294F292F00C97886 /* locations.json */,
				18B5DED7294F292F00C97886 /* videos.json */,
			);
			path = Data;
			sourceTree = "<group>";
		};
		18B5DEDD294F2AD600C97886 /* App */ = {
			isa = PBXGroup;
			children = (
				18B5DEB0294F26FB00C97886 /* AfricaApp.swift */,
				18B5DEB2294F26FB00C97886 /* ContentView.swift */,
				18B5DEDE294F2B1600C97886 /* VideoListView.swift */,
				18B5DEE0294F2B2C00C97886 /* MapView.swift */,
				18B5DEE2294F2B3D00C97886 /* GalleryView.swift */,
				18B5DEE4294F2B4F00C97886 /* MainView.swift */,
			);
			path = App;
			sourceTree = "<group>";
		};
		18B5DEE6294FA3B200C97886 /* View */ = {
			isa = PBXGroup;
			children = (
				18B5DEE7294FA3BF00C97886 /* CoverImageView.swift */,
				18FAB3862950E5DE009E3286 /* AnimalListItemView.swift */,
				185C17682952E61500A625CD /* AnimalDetailView.swift */,
				185C176A2952E89E00A625CD /* HeadingView.swift */,
				185C176C2952E9B900A625CD /* InsetGalleryView.swift */,
				187254D3295798530084BA75 /* InsetFactView.swift */,
				187254D529579A180084BA75 /* InsetMapView.swift */,
				187254D729579CBC0084BA75 /* ExternalWebLinkView.swift */,
				187254DB2957A3DB0084BA75 /* VideoListItemView.swift */,
				187254DD2957A8BC0084BA75 /* VideoPlayerView.swift */,
				187254E429586D420084BA75 /* MapAnnotationView.swift */,
				187254E6295885F90084BA75 /* MotionAnimationView.swift */,
				187254E8295892580084BA75 /* AnimalGridItemView.swift */,
			);
			path = View;
			sourceTree = "<group>";
		};
		18B5DEE9294FA58C00C97886 /* Model */ = {
			isa = PBXGroup;
			children = (
				18B5DEEA294FA59F00C97886 /* CoverImageModel.swift */,
				18FAB3882950ED14009E3286 /* AnimalModel.swift */,
				187254D92957A3830084BA75 /* VideoModel.swift */,
				187254E2295868F60084BA75 /* LocationModel.swift */,
			);
			path = Model;
			sourceTree = "<group>";
		};
		18B5DEEC294FA61400C97886 /* Extension */ = {
			isa = PBXGroup;
			children = (
				18B5DEED294FA62B00C97886 /* CodableBundleExtension.swift */,
			);
			path = Extension;
			sourceTree = "<group>";
		};
/* End PBXGroup section */

/* Begin PBXNativeTarget section */
		18B5DEAC294F26FB00C97886 /* Africa */ = {
			isa = PBXNativeTarget;
			buildConfigurationList = 18B5DEBB294F26FC00C97886 /* Build configuration list for PBXNativeTarget "Africa" */;
			buildPhases = (
				18B5DEA9294F26FB00C97886 /* Sources */,
				18B5DEAA294F26FB00C97886 /* Frameworks */,
				18B5DEAB294F26FB00C97886 /* Resources */,
			);
			buildRules = (
			);
			dependencies = (
			);
			name = Africa;
			productName = Africa;
			productReference = 18B5DEAD294F26FB00C97886 /* Africa.app */;
			productType = "com.apple.product-type.application";
		};
/* End PBXNativeTarget section */

/* Begin PBXProject section */
		18B5DEA5294F26FB00C97886 /* Project object */ = {
			isa = PBXProject;
			attributes = {
				BuildIndependentTargetsInParallel = 1;
				LastSwiftUpdateCheck = 1340;
				LastUpgradeCheck = 1340;
				TargetAttributes = {
					18B5DEAC294F26FB00C97886 = {
						CreatedOnToolsVersion = 13.4.1;
					};
				};
			};
			buildConfigurationList = 18B5DEA8294F26FB00C97886 /* Build configuration list for PBXProject "Africa" */;
			compatibilityVersion = "Xcode 13.0";
			developmentRegion = en;
			hasScannedForEncodings = 0;
			knownRegions = (
				en,
				Base,
			);
			mainGroup = 18B5DEA4294F26FB00C97886;
			productRefGroup = 18B5DEAE294F26FB00C97886 /* Products */;
			projectDirPath = "";
			projectRoot = "";
			targets = (
				18B5DEAC294F26FB00C97886 /* Africa */,
			);
		};
/* End PBXProject section */

/* Begin PBXResourcesBuildPhase section */
		18B5DEAB294F26FB00C97886 /* Resources */ = {
			isa = PBXResourcesBuildPhase;
			buildActionMask = 2147483647;
			files = (
				18B5DEDA294F292F00C97886 /* animals.json in Resources */,
				18B5DED9294F292F00C97886 /* locations.json in Resources */,
				18B5DED8294F292F00C97886 /* covers.json in Resources */,
				18B5DECA294F28F400C97886 /* gorilla.mp4 in Resources */,
				18B5DED1294F28F400C97886 /* hippo.mp4 in Resources */,
				18B5DED2294F28F400C97886 /* giraffe.mp4 in Resources */,
				18B5DECC294F28F400C97886 /* lion.mp4 in Resources */,
				18B5DEB8294F26FC00C97886 /* Preview Assets.xcassets in Resources */,
				18B5DEC9294F28F400C97886 /* zebra.mp4 in Resources */,
				18B5DECD294F28F400C97886 /* rhino.mp4 in Resources */,
				18B5DECB294F28F400C97886 /* elephant.mp4 in Resources */,
				18B5DECE294F28F400C97886 /* ostrich.mp4 in Resources */,
				18B5DED0294F28F400C97886 /* lioness.mp4 in Resources */,
				18B5DEDB294F292F00C97886 /* videos.json in Resources */,
				18B5DEB5294F26FC00C97886 /* Assets.xcassets in Resources */,
				18B5DECF294F28F400C97886 /* cheetah.mp4 in Resources */,
			);
			runOnlyForDeploymentPostprocessing = 0;
		};
/* End PBXResourcesBuildPhase section */

/* Begin PBXSourcesBuildPhase section */
		18B5DEA9294F26FB00C97886 /* Sources */ = {
			isa = PBXSourcesBuildPhase;
			buildActionMask = 2147483647;
			files = (
				18B5DEB3294F26FB00C97886 /* ContentView.swift in Sources */,
				18FAB3872950E5DE009E3286 /* AnimalListItemView.swift in Sources */,
				18B5DEE5294F2B4F00C97886 /* MainView.swift in Sources */,
				187254D4295798530084BA75 /* InsetFactView.swift in Sources */,
				18B5DEE8294FA3BF00C97886 /* CoverImageView.swift in Sources */,
				18B5DEEB294FA59F00C97886 /* CoverImageModel.swift in Sources */,
				185C17692952E61500A625CD /* AnimalDetailView.swift in Sources */,
				18FAB3892950ED14009E3286 /* AnimalModel.swift in Sources */,
				18B5DEE1294F2B2C00C97886 /* MapView.swift in Sources */,
				187254D629579A180084BA75 /* InsetMapView.swift in Sources */,
				187254E12957A96B0084BA75 /* VideoPlayerHelper.swift in Sources */,
				18B5DEB1294F26FB00C97886 /* AfricaApp.swift in Sources */,
				187254D829579CBC0084BA75 /* ExternalWebLinkView.swift in Sources */,
				187254E529586D420084BA75 /* MapAnnotationView.swift in Sources */,
				18B5DEDF294F2B1600C97886 /* VideoListView.swift in Sources */,
				187254DA2957A3830084BA75 /* VideoModel.swift in Sources */,
				18B5DEE3294F2B3D00C97886 /* GalleryView.swift in Sources */,
				187254E3295868F60084BA75 /* LocationModel.swift in Sources */,
				187254E9295892580084BA75 /* AnimalGridItemView.swift in Sources */,
				185C176D2952E9B900A625CD /* InsetGalleryView.swift in Sources */,
				187254DC2957A3DB0084BA75 /* VideoListItemView.swift in Sources */,
				18B5DEEE294FA62B00C97886 /* CodableBundleExtension.swift in Sources */,
				187254E7295885F90084BA75 /* MotionAnimationView.swift in Sources */,
				185C176B2952E89E00A625CD /* HeadingView.swift in Sources */,
				187254DE2957A8BC0084BA75 /* VideoPlayerView.swift in Sources */,
			);
			runOnlyForDeploymentPostprocessing = 0;
		};
/* End PBXSourcesBuildPhase section */

/* Begin XCBuildConfiguration section */
		18B5DEB9294F26FC00C97886 /* Debug */ = {
			isa = XCBuildConfiguration;
			buildSettings = {
				ALWAYS_SEARCH_USER_PATHS = NO;
				CLANG_ANALYZER_NONNULL = YES;
				CLANG_ANALYZER_NUMBER_OBJECT_CONVERSION = YES_AGGRESSIVE;
				CLANG_CXX_LANGUAGE_STANDARD = "gnu++17";
				CLANG_ENABLE_MODULES = YES;
				CLANG_ENABLE_OBJC_ARC = YES;
				CLANG_ENABLE_OBJC_WEAK = YES;
				CLANG_WARN_BLOCK_CAPTURE_AUTORELEASING = YES;
				CLANG_WARN_BOOL_CONVERSION = YES;
				CLANG_WARN_COMMA = YES;
				CLANG_WARN_CONSTANT_CONVERSION = YES;
				CLANG_WARN_DEPRECATED_OBJC_IMPLEMENTATIONS = YES;
				CLANG_WARN_DIRECT_OBJC_ISA_USAGE = YES_ERROR;
				CLANG_WARN_DOCUMENTATION_COMMENTS = YES;
				CLANG_WARN_EMPTY_BODY = YES;
				CLANG_WARN_ENUM_CONVERSION = YES;
				CLANG_WARN_INFINITE_RECURSION = YES;
				CLANG_WARN_INT_CONVERSION = YES;
				CLANG_WARN_NON_LITERAL_NULL_CONVERSION = YES;
				CLANG_WARN_OBJC_IMPLICIT_RETAIN_SELF = YES;
				CLANG_WARN_OBJC_LITERAL_CONVERSION = YES;
				CLANG_WARN_OBJC_ROOT_CLASS = YES_ERROR;
				CLANG_WARN_QUOTED_INCLUDE_IN_FRAMEWORK_HEADER = YES;
				CLANG_WARN_RANGE_LOOP_ANALYSIS = YES;
				CLANG_WARN_STRICT_PROTOTYPES = YES;
				CLANG_WARN_SUSPICIOUS_MOVE = YES;
				CLANG_WARN_UNGUARDED_AVAILABILITY = YES_AGGRESSIVE;
				CLANG_WARN_UNREACHABLE_CODE = YES;
				CLANG_WARN__DUPLICATE_METHOD_MATCH = YES;
				COPY_PHASE_STRIP = NO;
				DEBUG_INFORMATION_FORMAT = dwarf;
				ENABLE_STRICT_OBJC_MSGSEND = YES;
				ENABLE_TESTABILITY = YES;
				GCC_C_LANGUAGE_STANDARD = gnu11;
				GCC_DYNAMIC_NO_PIC = NO;
				GCC_NO_COMMON_BLOCKS = YES;
				GCC_OPTIMIZATION_LEVEL = 0;
				GCC_PREPROCESSOR_DEFINITIONS = (
					"DEBUG=1",
					"$(inherited)",
				);
				GCC_WARN_64_TO_32_BIT_CONVERSION = YES;
				GCC_WARN_ABOUT_RETURN_TYPE = YES_ERROR;
				GCC_WARN_UNDECLARED_SELECTOR = YES;
				GCC_WARN_UNINITIALIZED_AUTOS = YES_AGGRESSIVE;
				GCC_WARN_UNUSED_FUNCTION = YES;
				GCC_WARN_UNUSED_VARIABLE = YES;
				IPHONEOS_DEPLOYMENT_TARGET = 15.5;
				MTL_ENABLE_DEBUG_INFO = INCLUDE_SOURCE;
				MTL_FAST_MATH = YES;
				ONLY_ACTIVE_ARCH = YES;
				SDKROOT = iphoneos;
				SWIFT_ACTIVE_COMPILATION_CONDITIONS = DEBUG;
				SWIFT_OPTIMIZATION_LEVEL = "-Onone";
			};
			name = Debug;
		};
		18B5DEBA294F26FC00C97886 /* Release */ = {
			isa = XCBuildConfiguration;
			buildSettings = {
				ALWAYS_SEARCH_USER_PATHS = NO;
				CLANG_ANALYZER_NONNULL = YES;
				CLANG_ANALYZER_NUMBER_OBJECT_CONVERSION = YES_AGGRESSIVE;
				CLANG_CXX_LANGUAGE_STANDARD = "gnu++17";
				CLANG_ENABLE_MODULES = YES;
				CLANG_ENABLE_OBJC_ARC = YES;
				CLANG_ENABLE_OBJC_WEAK = YES;
				CLANG_WARN_BLOCK_CAPTURE_AUTORELEASING = YES;
				CLANG_WARN_BOOL_CONVERSION = YES;
				CLANG_WARN_COMMA = YES;
				CLANG_WARN_CONSTANT_CONVERSION = YES;
				CLANG_WARN_DEPRECATED_OBJC_IMPLEMENTATIONS = YES;
				CLANG_WARN_DIRECT_OBJC_ISA_USAGE = YES_ERROR;
				CLANG_WARN_DOCUMENTATION_COMMENTS = YES;
				CLANG_WARN_EMPTY_BODY = YES;
				CLANG_WARN_ENUM_CONVERSION = YES;
				CLANG_WARN_INFINITE_RECURSION = YES;
				CLANG_WARN_INT_CONVERSION = YES;
				CLANG_WARN_NON_LITERAL_NULL_CONVERSION = YES;
				CLANG_WARN_OBJC_IMPLICIT_RETAIN_SELF = YES;
				CLANG_WARN_OBJC_LITERAL_CONVERSION = YES;
				CLANG_WARN_OBJC_ROOT_CLASS = YES_ERROR;
				CLANG_WARN_QUOTED_INCLUDE_IN_FRAMEWORK_HEADER = YES;
				CLANG_WARN_RANGE_LOOP_ANALYSIS = YES;
				CLANG_WARN_STRICT_PROTOTYPES = YES;
				CLANG_WARN_SUSPICIOUS_MOVE = YES;
				CLANG_WARN_UNGUARDED_AVAILABILITY = YES_AGGRESSIVE;
				CLANG_WARN_UNREACHABLE_CODE = YES;
				CLANG_WARN__DUPLICATE_METHOD_MATCH = YES;
				COPY_PHASE_STRIP = NO;
				DEBUG_INFORMATION_FORMAT = "dwarf-with-dsym";
				ENABLE_NS_ASSERTIONS = NO;
				ENABLE_STRICT_OBJC_MSGSEND = YES;
				GCC_C_LANGUAGE_STANDARD = gnu11;
				GCC_NO_COMMON_BLOCKS = YES;
				GCC_WARN_64_TO_32_BIT_CONVERSION = YES;
				GCC_WARN_ABOUT_RETURN_TYPE = YES_ERROR;
				GCC_WARN_UNDECLARED_SELECTOR = YES;
				GCC_WARN_UNINITIALIZED_AUTOS = YES_AGGRESSIVE;
				GCC_WARN_UNUSED_FUNCTION = YES;
				GCC_WARN_UNUSED_VARIABLE = YES;
				IPHONEOS_DEPLOYMENT_TARGET = 15.5;
				MTL_ENABLE_DEBUG_INFO = NO;
				MTL_FAST_MATH = YES;
				SDKROOT = iphoneos;
				SWIFT_COMPILATION_MODE = wholemodule;
				SWIFT_OPTIMIZATION_LEVEL = "-O";
				VALIDATE_PRODUCT = YES;
			};
			name = Release;
		};
		18B5DEBC294F26FC00C97886 /* Debug */ = {
			isa = XCBuildConfiguration;
			buildSettings = {
				ASSETCATALOG_COMPILER_APPICON_NAME = AppIcon;
				ASSETCATALOG_COMPILER_GLOBAL_ACCENT_COLOR_NAME = AccentColor;
				CODE_SIGN_STYLE = Automatic;
				CURRENT_PROJECT_VERSION = 1;
				DEVELOPMENT_ASSET_PATHS = "\"Africa/Preview Content\"";
				DEVELOPMENT_TEAM = CM9GT8F58V;
				ENABLE_PREVIEWS = YES;
				GENERATE_INFOPLIST_FILE = YES;
				INFOPLIST_FILE = Africa/Info.plist;
				INFOPLIST_KEY_UIApplicationSceneManifest_Generation = YES;
				INFOPLIST_KEY_UIApplicationSupportsIndirectInputEvents = YES;
				INFOPLIST_KEY_UISupportedInterfaceOrientations_iPad = "UIInterfaceOrientationPortrait UIInterfaceOrientationPortraitUpsideDown UIInterfaceOrientationLandscapeLeft UIInterfaceOrientationLandscapeRight";
				INFOPLIST_KEY_UISupportedInterfaceOrientations_iPhone = "UIInterfaceOrientationPortrait UIInterfaceOrientationLandscapeLeft UIInterfaceOrientationLandscapeRight";
				INFOPLIST_KEY_UIUserInterfaceStyle = Dark;
				LD_RUNPATH_SEARCH_PATHS = (
					"$(inherited)",
					"@executable_path/Frameworks",
				);
				MARKETING_VERSION = 1.0;
				PRODUCT_BUNDLE_IDENTIFIER = com.shekshuev.Africa;
				PRODUCT_NAME = "$(TARGET_NAME)";
				SWIFT_EMIT_LOC_STRINGS = YES;
				SWIFT_VERSION = 5.0;
				TARGETED_DEVICE_FAMILY = "1,2";
			};
			name = Debug;
		};
		18B5DEBD294F26FC00C97886 /* Release */ = {
			isa = XCBuildConfiguration;
			buildSettings = {
				ASSETCATALOG_COMPILER_APPICON_NAME = AppIcon;
				ASSETCATALOG_COMPILER_GLOBAL_ACCENT_COLOR_NAME = AccentColor;
				CODE_SIGN_STYLE = Automatic;
				CURRENT_PROJECT_VERSION = 1;
				DEVELOPMENT_ASSET_PATHS = "\"Africa/Preview Content\"";
				DEVELOPMENT_TEAM = CM9GT8F58V;
				ENABLE_PREVIEWS = YES;
				GENERATE_INFOPLIST_FILE = YES;
				INFOPLIST_FILE = Africa/Info.plist;
				INFOPLIST_KEY_UIApplicationSceneManifest_Generation = YES;
				INFOPLIST_KEY_UIApplicationSupportsIndirectInputEvents = YES;
				INFOPLIST_KEY_UISupportedInterfaceOrientations_iPad = "UIInterfaceOrientationPortrait UIInterfaceOrientationPortraitUpsideDown UIInterfaceOrientationLandscapeLeft UIInterfaceOrientationLandscapeRight";
				INFOPLIST_KEY_UISupportedInterfaceOrientations_iPhone = "UIInterfaceOrientationPortrait UIInterfaceOrientationLandscapeLeft UIInterfaceOrientationLandscapeRight";
				INFOPLIST_KEY_UIUserInterfaceStyle = Dark;
				LD_RUNPATH_SEARCH_PATHS = (
					"$(inherited)",
					"@executable_path/Frameworks",
				);
				MARKETING_VERSION = 1.0;
				PRODUCT_BUNDLE_IDENTIFIER = com.shekshuev.Africa;
				PRODUCT_NAME = "$(TARGET_NAME)";
				SWIFT_EMIT_LOC_STRINGS = YES;
				SWIFT_VERSION = 5.0;
				TARGETED_DEVICE_FAMILY = "1,2";
			};
			name = Release;
		};
/* End XCBuildConfiguration section */

/* Begin XCConfigurationList section */
		18B5DEA8294F26FB00C97886 /* Build configuration list for PBXProject "Africa" */ = {
			isa = XCConfigurationList;
			buildConfigurations = (
				18B5DEB9294F26FC00C97886 /* Debug */,
				18B5DEBA294F26FC00C97886 /* Release */,
			);
			defaultConfigurationIsVisible = 0;
			defaultConfigurationName = Release;
		};
		18B5DEBB294F26FC00C97886 /* Build configuration list for PBXNativeTarget "Africa" */ = {
			isa = XCConfigurationList;
			buildConfigurations = (
				18B5DEBC294F26FC00C97886 /* Debug */,
				18B5DEBD294F26FC00C97886 /* Release */,
			);
			defaultConfigurationIsVisible = 0;
			defaultConfigurationName = Release;
		};
/* End XCConfigurationList section */
	};
	rootObject = 18B5DEA5294F26FB00C97886 /* Project object */;
}
